// !$*UTF8*$!
{
	archiveVersion = 1;
	classes = {
	};
	objectVersion = 46;
	objects = {

/* Begin PBXBuildFile section */
		0B03106F1CDC636700C191BC /* AppDelegate.swift in Sources */ = {isa = PBXBuildFile; fileRef = 0B03106E1CDC636700C191BC /* AppDelegate.swift */; };
		0B0310711CDC636700C191BC /* ViewController.swift in Sources */ = {isa = PBXBuildFile; fileRef = 0B0310701CDC636700C191BC /* ViewController.swift */; };
		0B0310741CDC636700C191BC /* Main.storyboard in Resources */ = {isa = PBXBuildFile; fileRef = 0B0310721CDC636700C191BC /* Main.storyboard */; };
		0B0310761CDC636700C191BC /* Assets.xcassets in Resources */ = {isa = PBXBuildFile; fileRef = 0B0310751CDC636700C191BC /* Assets.xcassets */; };
		0B0310791CDC636700C191BC /* LaunchScreen.storyboard in Resources */ = {isa = PBXBuildFile; fileRef = 0B0310771CDC636700C191BC /* LaunchScreen.storyboard */; };
		0B0310841CDC636700C191BC /* sampleTableView001Tests.swift in Sources */ = {isa = PBXBuildFile; fileRef = 0B0310831CDC636700C191BC /* sampleTableView001Tests.swift */; };
		0B03108F1CDC636700C191BC /* sampleTableView001UITests.swift in Sources */ = {isa = PBXBuildFile; fileRef = 0B03108E1CDC636700C191BC /* sampleTableView001UITests.swift */; };
/* End PBXBuildFile section */

/* Begin PBXContainerItemProxy section */
		0B0310801CDC636700C191BC /* PBXContainerItemProxy */ = {
			isa = PBXContainerItemProxy;
			containerPortal = 0B0310631CDC636700C191BC /* Project object */;
			proxyType = 1;
			remoteGlobalIDString = 0B03106A1CDC636700C191BC;
			remoteInfo = sampleTableView001;
		};
		0B03108B1CDC636700C191BC /* PBXContainerItemProxy */ = {
			isa = PBXContainerItemProxy;
			containerPortal = 0B0310631CDC636700C191BC /* Project object */;
			proxyType = 1;
			remoteGlobalIDString = 0B03106A1CDC636700C191BC;
			remoteInfo = sampleTableView001;
		};
/* End PBXContainerItemProxy section */

/* Begin PBXFileReference section */
		0B03106B1CDC636700C191BC /* sampleTableView001.app */ = {isa = PBXFileReference; explicitFileType = wrapper.application; includeInIndex = 0; path = sampleTableView001.app; sourceTree = BUILT_PRODUCTS_DIR; };
		0B03106E1CDC636700C191BC /* AppDelegate.swift */ = {isa = PBXFileReference; lastKnownFileType = sourcecode.swift; path = AppDelegate.swift; sourceTree = "<group>"; };
		0B0310701CDC636700C191BC /* ViewController.swift */ = {isa = PBXFileReference; lastKnownFileType = sourcecode.swift; path = ViewController.swift; sourceTree = "<group>"; };
		0B0310731CDC636700C191BC /* Base */ = {isa = PBXFileReference; lastKnownFileType = file.storyboard; name = Base; path = Base.lproj/Main.storyboard; sourceTree = "<group>"; };
		0B0310751CDC636700C191BC /* Assets.xcassets */ = {isa = PBXFileReference; lastKnownFileType = folder.assetcatalog; path = Assets.xcassets; sourceTree = "<group>"; };
		0B0310781CDC636700C191BC /* Base */ = {isa = PBXFileReference; lastKnownFileType = file.storyboard; name = Base; path = Base.lproj/LaunchScreen.storyboard; sourceTree = "<group>"; };
		0B03107A1CDC636700C191BC /* Info.plist */ = {isa = PBXFileReference; lastKnownFileType = text.plist.xml; path = Info.plist; sourceTree = "<group>"; };
		0B03107F1CDC636700C191BC /* sampleTableView001Tests.xctest */ = {isa = PBXFileReference; explicitFileType = wrapper.cfbundle; includeInIndex = 0; path = sampleTableView001Tests.xctest; sourceTree = BUILT_PRODUCTS_DIR; };
		0B0310831CDC636700C191BC /* sampleTableView001Tests.swift */ = {isa = PBXFileReference; lastKnownFileType = sourcecode.swift; path = sampleTableView001Tests.swift; sourceTree = "<group>"; };
		0B0310851CDC636700C191BC /* Info.plist */ = {isa = PBXFileReference; lastKnownFileType = text.plist.xml; path = Info.plist; sourceTree = "<group>"; };
		0B03108A1CDC636700C191BC /* sampleTableView001UITests.xctest */ = {isa = PBXFileReference; explicitFileType = wrapper.cfbundle; includeInIndex = 0; path = sampleTableView001UITests.xctest; sourceTree = BUILT_PRODUCTS_DIR; };
		0B03108E1CDC636700C191BC /* sampleTableView001UITests.swift */ = {isa = PBXFileReference; lastKnownFileType = sourcecode.swift; path = sampleTableView001UITests.swift; sourceTree = "<group>"; };
		0B0310901CDC636700C191BC /* Info.plist */ = {isa = PBXFileReference; lastKnownFileType = text.plist.xml; path = Info.plist; sourceTree = "<group>"; };
/* End PBXFileReference section */

/* Begin PBXFrameworksBuildPhase section */
		0B0310681CDC636700C191BC /* Frameworks */ = {
			isa = PBXFrameworksBuildPhase;
			buildActionMask = 2147483647;
			files = (
			);
			runOnlyForDeploymentPostprocessing = 0;
		};
		0B03107C1CDC636700C191BC /* Frameworks */ = {
			isa = PBXFrameworksBuildPhase;
			buildActionMask = 2147483647;
			files = (
			);
			runOnlyForDeploymentPostprocessing = 0;
		};
		0B0310871CDC636700C191BC /* Frameworks */ = {
			isa = PBXFrameworksBuildPhase;
			buildActionMask = 2147483647;
			files = (
			);
			runOnlyForDeploymentPostprocessing = 0;
		};
/* End PBXFrameworksBuildPhase section */

/* Begin PBXGroup section */
		0B0310621CDC636700C191BC = {
			isa = PBXGroup;
			children = (
				0B03106D1CDC636700C191BC /* sampleTableView001 */,
				0B0310821CDC636700C191BC /* sampleTableView001Tests */,
				0B03108D1CDC636700C191BC /* sampleTableView001UITests */,
				0B03106C1CDC636700C191BC /* Products */,
			);
			sourceTree = "<group>";
		};
		0B03106C1CDC636700C191BC /* Products */ = {
			isa = PBXGroup;
			children = (
				0B03106B1CDC636700C191BC /* sampleTableView001.app */,
				0B03107F1CDC636700C191BC /* sampleTableView001Tests.xctest */,
				0B03108A1CDC636700C191BC /* sampleTableView001UITests.xctest */,
			);
			name = Products;
			sourceTree = "<group>";
		};
		0B03106D1CDC636700C191BC /* sampleTableView001 */ = {
			isa = PBXGroup;
			children = (
				0B03106E1CDC636700C191BC /* AppDelegate.swift */,
				0B0310701CDC636700C191BC /* ViewController.swift */,
				0B0310721CDC636700C191BC /* Main.storyboard */,
				0B0310751CDC636700C191BC /* Assets.xcassets */,
				0B0310771CDC636700C191BC /* LaunchScreen.storyboard */,
				0B03107A1CDC636700C191BC /* Info.plist */,
			);
			path = sampleTableView001;
			sourceTree = "<group>";
		};
		0B0310821CDC636700C191BC /* sampleTableView001Tests */ = {
			isa = PBXGroup;
			children = (
				0B0310831CDC636700C191BC /* sampleTableView001Tests.swift */,
				0B0310851CDC636700C191BC /* Info.plist */,
			);
			path = sampleTableView001Tests;
			sourceTree = "<group>";
		};
		0B03108D1CDC636700C191BC /* sampleTableView001UITests */ = {
			isa = PBXGroup;
			children = (
				0B03108E1CDC636700C191BC /* sampleTableView001UITests.swift */,
				0B0310901CDC636700C191BC /* Info.plist */,
			);
			path = sampleTableView001UITests;
			sourceTree = "<group>";
		};
/* End PBXGroup section */

/* Begin PBXNativeTarget section */
		0B03106A1CDC636700C191BC /* sampleTableView001 */ = {
			isa = PBXNativeTarget;
			buildConfigurationList = 0B0310931CDC636700C191BC /* Build configuration list for PBXNativeTarget "sampleTableView001" */;
			buildPhases = (
				0B0310671CDC636700C191BC /* Sources */,
				0B0310681CDC636700C191BC /* Frameworks */,
				0B0310691CDC636700C191BC /* Resources */,
			);
			buildRules = (
			);
			dependencies = (
			);
			name = sampleTableView001;
			productName = sampleTableView001;
			productReference = 0B03106B1CDC636700C191BC /* sampleTableView001.app */;
			productType = "com.apple.product-type.application";
		};
		0B03107E1CDC636700C191BC /* sampleTableView001Tests */ = {
			isa = PBXNativeTarget;
			buildConfigurationList = 0B0310961CDC636700C191BC /* Build configuration list for PBXNativeTarget "sampleTableView001Tests" */;
			buildPhases = (
				0B03107B1CDC636700C191BC /* Sources */,
				0B03107C1CDC636700C191BC /* Frameworks */,
				0B03107D1CDC636700C191BC /* Resources */,
			);
			buildRules = (
			);
			dependencies = (
				0B0310811CDC636700C191BC /* PBXTargetDependency */,
			);
			name = sampleTableView001Tests;
			productName = sampleTableView001Tests;
			productReference = 0B03107F1CDC636700C191BC /* sampleTableView001Tests.xctest */;
			productType = "com.apple.product-type.bundle.unit-test";
		};
		0B0310891CDC636700C191BC /* sampleTableView001UITests */ = {
			isa = PBXNativeTarget;
			buildConfigurationList = 0B0310991CDC636700C191BC /* Build configuration list for PBXNativeTarget "sampleTableView001UITests" */;
			buildPhases = (
				0B0310861CDC636700C191BC /* Sources */,
				0B0310871CDC636700C191BC /* Frameworks */,
				0B0310881CDC636700C191BC /* Resources */,
			);
			buildRules = (
			);
			dependencies = (
				0B03108C1CDC636700C191BC /* PBXTargetDependency */,
			);
			name = sampleTableView001UITests;
			productName = sampleTableView001UITests;
			productReference = 0B03108A1CDC636700C191BC /* sampleTableView001UITests.xctest */;
			productType = "com.apple.product-type.bundle.ui-testing";
		};
/* End PBXNativeTarget section */

/* Begin PBXProject section */
		0B0310631CDC636700C191BC /* Project object */ = {
			isa = PBXProject;
			attributes = {
				LastSwiftUpdateCheck = 0720;
				LastUpgradeCheck = 0720;
				ORGANIZATIONNAME = "RIho OKubo";
				TargetAttributes = {
					0B03106A1CDC636700C191BC = {
						CreatedOnToolsVersion = 7.2.1;
					};
					0B03107E1CDC636700C191BC = {
						CreatedOnToolsVersion = 7.2.1;
						TestTargetID = 0B03106A1CDC636700C191BC;
					};
					0B0310891CDC636700C191BC = {
						CreatedOnToolsVersion = 7.2.1;
						TestTargetID = 0B03106A1CDC636700C191BC;
					};
				};
			};
			buildConfigurationList = 0B0310661CDC636700C191BC /* Build configuration list for PBXProject "sampleTableView001" */;
			compatibilityVersion = "Xcode 3.2";
			developmentRegion = English;
			hasScannedForEncodings = 0;
			knownRegions = (
				en,
				Base,
			);
			mainGroup = 0B0310621CDC636700C191BC;
			productRefGroup = 0B03106C1CDC636700C191BC /* Products */;
			projectDirPath = "";
			projectRoot = "";
			targets = (
				0B03106A1CDC636700C191BC /* sampleTableView001 */,
				0B03107E1CDC636700C191BC /* sampleTableView001Tests */,
				0B0310891CDC636700C191BC /* sampleTableView001UITests */,
			);
		};
/* End PBXProject section */

/* Begin PBXResourcesBuildPhase section */
		0B0310691CDC636700C191BC /* Resources */ = {
			isa = PBXResourcesBuildPhase;
			buildActionMask = 2147483647;
			files = (
				0B0310791CDC636700C191BC /* LaunchScreen.storyboard in Resources */,
				0B0310761CDC636700C191BC /* Assets.xcassets in Resources */,
				0B0310741CDC636700C191BC /* Main.storyboard in Resources */,
			);
			runOnlyForDeploymentPostprocessing = 0;
		};
		0B03107D1CDC636700C191BC /* Resources */ = {
			isa = PBXResourcesBuildPhase;
			buildActionMask = 2147483647;
			files = (
			);
			runOnlyForDeploymentPostprocessing = 0;
		};
		0B0310881CDC636700C191BC /* Resources */ = {
			isa = PBXResourcesBuildPhase;
			buildActionMask = 2147483647;
			files = (
			);
			runOnlyForDeploymentPostprocessing = 0;
		};
/* End PBXResourcesBuildPhase section */

/* Begin PBXSourcesBuildPhase section */
		0B0310671CDC636700C191BC /* Sources */ = {
			isa = PBXSourcesBuildPhase;
			buildActionMask = 2147483647;
			files = (
				0B0310711CDC636700C191BC /* ViewController.swift in Sources */,
				0B03106F1CDC636700C191BC /* AppDelegate.swift in Sources */,
			);
			runOnlyForDeploymentPostprocessing = 0;
		};
		0B03107B1CDC636700C191BC /* Sources */ = {
			isa = PBXSourcesBuildPhase;
			buildActionMask = 2147483647;
			files = (
				0B0310841CDC636700C191BC /* sampleTableView001Tests.swift in Sources */,
			);
			runOnlyForDeploymentPostprocessing = 0;
		};
		0B0310861CDC636700C191BC /* Sources */ = {
			isa = PBXSourcesBuildPhase;
			buildActionMask = 2147483647;
			files = (
				0B03108F1CDC636700C191BC /* sampleTableView001UITests.swift in Sources */,
			);
			runOnlyForDeploymentPostprocessing = 0;
		};
/* End PBXSourcesBuildPhase section */

/* Begin PBXTargetDependency section */
		0B0310811CDC636700C191BC /* PBXTargetDependency */ = {
			isa = PBXTargetDependency;
			target = 0B03106A1CDC636700C191BC /* sampleTableView001 */;
			targetProxy = 0B0310801CDC636700C191BC /* PBXContainerItemProxy */;
		};
		0B03108C1CDC636700C191BC /* PBXTargetDependency */ = {
			isa = PBXTargetDependency;
			target = 0B03106A1CDC636700C191BC /* sampleTableView001 */;
			targetProxy = 0B03108B1CDC636700C191BC /* PBXContainerItemProxy */;
		};
/* End PBXTargetDependency section */

/* Begin PBXVariantGroup section */
		0B0310721CDC636700C191BC /* Main.storyboard */ = {
			isa = PBXVariantGroup;
			children = (
				0B0310731CDC636700C191BC /* Base */,
			);
			name = Main.storyboard;
			sourceTree = "<group>";
		};
		0B0310771CDC636700C191BC /* LaunchScreen.storyboard */ = {
			isa = PBXVariantGroup;
			children = (
				0B0310781CDC636700C191BC /* Base */,
			);
			name = LaunchScreen.storyboard;
			sourceTree = "<group>";
		};
/* End PBXVariantGroup section */

/* Begin XCBuildConfiguration section */
		0B0310911CDC636700C191BC /* Debug */ = {
			isa = XCBuildConfiguration;
			buildSettings = {
				ALWAYS_SEARCH_USER_PATHS = NO;
				CLANG_CXX_LANGUAGE_STANDARD = "gnu++0x";
				CLANG_CXX_LIBRARY = "libc++";
				CLANG_ENABLE_MODULES = YES;
				CLANG_ENABLE_OBJC_ARC = YES;
				CLANG_WARN_BOOL_CONVERSION = YES;
				CLANG_WARN_CONSTANT_CONVERSION = YES;
				CLANG_WARN_DIRECT_OBJC_ISA_USAGE = YES_ERROR;
				CLANG_WARN_EMPTY_BODY = YES;
				CLANG_WARN_ENUM_CONVERSION = YES;
				CLANG_WARN_INT_CONVERSION = YES;
				CLANG_WARN_OBJC_ROOT_CLASS = YES_ERROR;
				CLANG_WARN_UNREACHABLE_CODE = YES;
				CLANG_WARN__DUPLICATE_METHOD_MATCH = YES;
				"CODE_SIGN_IDENTITY[sdk=iphoneos*]" = "iPhone Developer";
				COPY_PHASE_STRIP = NO;
				DEBUG_INFORMATION_FORMAT = dwarf;
				ENABLE_STRICT_OBJC_MSGSEND = YES;
				ENABLE_TESTABILITY = YES;
				GCC_C_LANGUAGE_STANDARD = gnu99;
				GCC_DYNAMIC_NO_PIC = NO;
				GCC_NO_COMMON_BLOCKS = YES;
				GCC_OPTIMIZATION_LEVEL = 0;
				GCC_PREPROCESSOR_DEFINITIONS = (
					"DEBUG=1",
					"$(inherited)",
				);
				GCC_WARN_64_TO_32_BIT_CONVERSION = YES;
				GCC_WARN_ABOUT_RETURN_TYPE = YES_ERROR;
				GCC_WARN_UNDECLARED_SELECTOR = YES;
				GCC_WARN_UNINITIALIZED_AUTOS = YES_AGGRESSIVE;
				GCC_WARN_UNUSED_FUNCTION = YES;
				GCC_WARN_UNUSED_VARIABLE = YES;
				IPHONEOS_DEPLOYMENT_TARGET = 9.2;
				MTL_ENABLE_DEBUG_INFO = YES;
				ONLY_ACTIVE_ARCH = YES;
				SDKROOT = iphoneos;
				SWIFT_OPTIMIZATION_LEVEL = "-Onone";
			};
			name = Debug;
		};
		0B0310921CDC636700C191BC /* Release */ = {
			isa = XCBuildConfiguration;
			buildSettings = {
				ALWAYS_SEARCH_USER_PATHS = NO;
				CLANG_CXX_LANGUAGE_STANDARD = "gnu++0x";
				CLANG_CXX_LIBRARY = "libc++";
				CLANG_ENABLE_MODULES = YES;
				CLANG_ENABLE_OBJC_ARC = YES;
				CLANG_WARN_BOOL_CONVERSION = YES;
				CLANG_WARN_CONSTANT_CONVERSION = YES;
				CLANG_WARN_DIRECT_OBJC_ISA_USAGE = YES_ERROR;
				CLANG_WARN_EMPTY_BODY = YES;
				CLANG_WARN_ENUM_CONVERSION = YES;
				CLANG_WARN_INT_CONVERSION = YES;
				CLANG_WARN_OBJC_ROOT_CLASS = YES_ERROR;
				CLANG_WARN_UNREACHABLE_CODE = YES;
				CLANG_WARN__DUPLICATE_METHOD_MATCH = YES;
				"CODE_SIGN_IDENTITY[sdk=iphoneos*]" = "iPhone Developer";
				COPY_PHASE_STRIP = NO;
				DEBUG_INFORMATION_FORMAT = "dwarf-with-dsym";
				ENABLE_NS_ASSERTIONS = NO;
				ENABLE_STRICT_OBJC_MSGSEND = YES;
				GCC_C_LANGUAGE_STANDARD = gnu99;
				GCC_NO_COMMON_BLOCKS = YES;
				GCC_WARN_64_TO_32_BIT_CONVERSION = YES;
				GCC_WARN_ABOUT_RETURN_TYPE = YES_ERROR;
				GCC_WARN_UNDECLARED_SELECTOR = YES;
				GCC_WARN_UNINITIALIZED_AUTOS = YES_AGGRESSIVE;
				GCC_WARN_UNUSED_FUNCTION = YES;
				GCC_WARN_UNUSED_VARIABLE = YES;
				IPHONEOS_DEPLOYMENT_TARGET = 9.2;
				MTL_ENABLE_DEBUG_INFO = NO;
				SDKROOT = iphoneos;
				VALIDATE_PRODUCT = YES;
			};
			name = Release;
		};
		0B0310941CDC636700C191BC /* Debug */ = {
			isa = XCBuildConfiguration;
			buildSettings = {
				ASSETCATALOG_COMPILER_APPICON_NAME = AppIcon;
				INFOPLIST_FILE = sampleTableView001/Info.plist;
				LD_RUNPATH_SEARCH_PATHS = "$(inherited) @executable_path/Frameworks";
				PRODUCT_BUNDLE_IDENTIFIER = com.rihookubo.sampleTableView001;
				PRODUCT_NAME = "$(TARGET_NAME)";
			};
			name = Debug;
		};
		0B0310951CDC636700C191BC /* Release */ = {
			isa = XCBuildConfiguration;
			buildSettings = {
				ASSETCATALOG_COMPILER_APPICON_NAME = AppIcon;
				INFOPLIST_FILE = sampleTableView001/Info.plist;
				LD_RUNPATH_SEARCH_PATHS = "$(inherited) @executable_path/Frameworks";
				PRODUCT_BUNDLE_IDENTIFIER = com.rihookubo.sampleTableView001;
				PRODUCT_NAME = "$(TARGET_NAME)";
			};
			name = Release;
		};
		0B0310971CDC636700C191BC /* Debug */ = {
			isa = XCBuildConfiguration;
			buildSettings = {
				BUNDLE_LOADER = "$(TEST_HOST)";
				INFOPLIST_FILE = sampleTableView001Tests/Info.plist;
				LD_RUNPATH_SEARCH_PATHS = "$(inherited) @executable_path/Frameworks @loader_path/Frameworks";
				PRODUCT_BUNDLE_IDENTIFIER = com.rihookubo.sampleTableView001Tests;
				PRODUCT_NAME = "$(TARGET_NAME)";
				TEST_HOST = "$(BUILT_PRODUCTS_DIR)/sampleTableView001.app/sampleTableView001";
			};
			name = Debug;
		};
		0B0310981CDC636700C191BC /* Release */ = {
			isa = XCBuildConfiguration;
			buildSettings = {
				BUNDLE_LOADER = "$(TEST_HOST)";
				INFOPLIST_FILE = sampleTableView001Tests/Info.plist;
				LD_RUNPATH_SEARCH_PATHS = "$(inherited) @executable_path/Frameworks @loader_path/Frameworks";
				PRODUCT_BUNDLE_IDENTIFIER = com.rihookubo.sampleTableView001Tests;
				PRODUCT_NAME = "$(TARGET_NAME)";
				TEST_HOST = "$(BUILT_PRODUCTS_DIR)/sampleTableView001.app/sampleTableView001";
			};
			name = Release;
		};
		0B03109A1CDC636700C191BC /* Debug */ = {
			isa = XCBuildConfiguration;
			buildSettings = {
				INFOPLIST_FILE = sampleTableView001UITests/Info.plist;
				LD_RUNPATH_SEARCH_PATHS = "$(inherited) @executable_path/Frameworks @loader_path/Frameworks";
				PRODUCT_BUNDLE_IDENTIFIER = com.rihookubo.sampleTableView001UITests;
				PRODUCT_NAME = "$(TARGET_NAME)";
				TEST_TARGET_NAME = sampleTableView001;
				USES_XCTRUNNER = YES;
			};
			name = Debug;
		};
		0B03109B1CDC636700C191BC /* Release */ = {
			isa = XCBuildConfiguration;
			buildSettings = {
				INFOPLIST_FILE = sampleTableView001UITests/Info.plist;
				LD_RUNPATH_SEARCH_PATHS = "$(inherited) @executable_path/Frameworks @loader_path/Frameworks";
				PRODUCT_BUNDLE_IDENTIFIER = com.rihookubo.sampleTableView001UITests;
				PRODUCT_NAME = "$(TARGET_NAME)";
				TEST_TARGET_NAME = sampleTableView001;
				USES_XCTRUNNER = YES;
			};
			name = Release;
		};
/* End XCBuildConfiguration section */

/* Begin XCConfigurationList section */
		0B0310661CDC636700C191BC /* Build configuration list for PBXProject "sampleTableView001" */ = {
			isa = XCConfigurationList;
			buildConfigurations = (
				0B0310911CDC636700C191BC /* Debug */,
				0B0310921CDC636700C191BC /* Release */,
			);
			defaultConfigurationIsVisible = 0;
			defaultConfigurationName = Release;
		};
		0B0310931CDC636700C191BC /* Build configuration list for PBXNativeTarget "sampleTableView001" */ = {
			isa = XCConfigurationList;
			buildConfigurations = (
				0B0310941CDC636700C191BC /* Debug */,
				0B0310951CDC636700C191BC /* Release */,
			);
			defaultConfigurationIsVisible = 0;
		};
		0B0310961CDC636700C191BC /* Build configuration list for PBXNativeTarget "sampleTableView001Tests" */ = {
			isa = XCConfigurationList;
			buildConfigurations = (
				0B0310971CDC636700C191BC /* Debug */,
				0B0310981CDC636700C191BC /* Release */,
			);
			defaultConfigurationIsVisible = 0;
		};
		0B0310991CDC636700C191BC /* Build configuration list for PBXNativeTarget "sampleTableView001UITests" */ = {
			isa = XCConfigurationList;
			buildConfigurations = (
				0B03109A1CDC636700C191BC /* Debug */,
				0B03109B1CDC636700C191BC /* Release */,
			);
			defaultConfigurationIsVisible = 0;
		};
/* End XCConfigurationList section */
	};
	rootObject = 0B0310631CDC636700C191BC /* Project object */;
}
